// !$*UTF8*$!
{
	archiveVersion = 1;
	classes = {
	};
	objectVersion = 56;
	objects = {

/* Begin PBXBuildFile section */
		EC278C092C0CB9EA0018B8D2 /* VideoModel.swift in Sources */ = {isa = PBXBuildFile; fileRef = EC278C082C0CB9EA0018B8D2 /* VideoModel.swift */; };
		EC278C0B2C0CBA7F0018B8D2 /* VideoListItemView.swift in Sources */ = {isa = PBXBuildFile; fileRef = EC278C0A2C0CBA7F0018B8D2 /* VideoListItemView.swift */; };
		EC278C0D2C0CD2AA0018B8D2 /* VideoPlayerView.swift in Sources */ = {isa = PBXBuildFile; fileRef = EC278C0C2C0CD2AA0018B8D2 /* VideoPlayerView.swift */; };
		EC278C102C0CD45A0018B8D2 /* VideoPlayerHelper.swift in Sources */ = {isa = PBXBuildFile; fileRef = EC278C0F2C0CD4590018B8D2 /* VideoPlayerHelper.swift */; };
		EC278C122C0EB2480018B8D2 /* LocatiionModel.swift in Sources */ = {isa = PBXBuildFile; fileRef = EC278C112C0EB2480018B8D2 /* LocatiionModel.swift */; };
		EC4534552C117A2C0079D1D4 /* MapAnnotationView.swift in Sources */ = {isa = PBXBuildFile; fileRef = EC4534542C117A2C0079D1D4 /* MapAnnotationView.swift */; };
		EC7426F02C135163005B1DA0 /* AnimalGridItemView.swift in Sources */ = {isa = PBXBuildFile; fileRef = EC7426EF2C135163005B1DA0 /* AnimalGridItemView.swift */; };
		ECB5AEA82C121B2F00C4EBA2 /* MotionAnimationView.swift in Sources */ = {isa = PBXBuildFile; fileRef = ECB5AEA72C121B2F00C4EBA2 /* MotionAnimationView.swift */; };
		ECD73A062C079AF000E11100 /* AFRICA_SwiftUIApp.swift in Sources */ = {isa = PBXBuildFile; fileRef = ECD73A052C079AF000E11100 /* AFRICA_SwiftUIApp.swift */; };
		ECD73A082C079AF000E11100 /* ContentView.swift in Sources */ = {isa = PBXBuildFile; fileRef = ECD73A072C079AF000E11100 /* ContentView.swift */; };
		ECD73A0A2C079AF200E11100 /* Assets.xcassets in Resources */ = {isa = PBXBuildFile; fileRef = ECD73A092C079AF200E11100 /* Assets.xcassets */; };
		ECD73A0D2C079AF200E11100 /* Preview Assets.xcassets in Resources */ = {isa = PBXBuildFile; fileRef = ECD73A0C2C079AF200E11100 /* Preview Assets.xcassets */; };
		ECD73A1E2C079FD400E11100 /* lioness.mp4 in Resources */ = {isa = PBXBuildFile; fileRef = ECD73A142C079FD100E11100 /* lioness.mp4 */; };
		ECD73A1F2C079FD400E11100 /* elephant.mp4 in Resources */ = {isa = PBXBuildFile; fileRef = ECD73A152C079FD100E11100 /* elephant.mp4 */; };
		ECD73A202C079FD400E11100 /* giraffe.mp4 in Resources */ = {isa = PBXBuildFile; fileRef = ECD73A162C079FD200E11100 /* giraffe.mp4 */; };
		ECD73A212C079FD400E11100 /* ostrich.mp4 in Resources */ = {isa = PBXBuildFile; fileRef = ECD73A172C079FD200E11100 /* ostrich.mp4 */; };
		ECD73A222C079FD400E11100 /* zebra.mp4 in Resources */ = {isa = PBXBuildFile; fileRef = ECD73A182C079FD200E11100 /* zebra.mp4 */; };
		ECD73A232C079FD400E11100 /* lion.mp4 in Resources */ = {isa = PBXBuildFile; fileRef = ECD73A192C079FD200E11100 /* lion.mp4 */; };
		ECD73A242C079FD400E11100 /* gorilla.mp4 in Resources */ = {isa = PBXBuildFile; fileRef = ECD73A1A2C079FD300E11100 /* gorilla.mp4 */; };
		ECD73A252C079FD400E11100 /* hippo.mp4 in Resources */ = {isa = PBXBuildFile; fileRef = ECD73A1B2C079FD300E11100 /* hippo.mp4 */; };
		ECD73A262C079FD400E11100 /* cheetah.mp4 in Resources */ = {isa = PBXBuildFile; fileRef = ECD73A1C2C079FD300E11100 /* cheetah.mp4 */; };
		ECD73A272C079FD400E11100 /* rhino.mp4 in Resources */ = {isa = PBXBuildFile; fileRef = ECD73A1D2C079FD400E11100 /* rhino.mp4 */; };
		ECD73A2D2C07A0A000E11100 /* animals.json in Resources */ = {isa = PBXBuildFile; fileRef = ECD73A292C07A09F00E11100 /* animals.json */; };
		ECD73A2E2C07A0A000E11100 /* covers.json in Resources */ = {isa = PBXBuildFile; fileRef = ECD73A2A2C07A09F00E11100 /* covers.json */; };
		ECD73A2F2C07A0A000E11100 /* videos.json in Resources */ = {isa = PBXBuildFile; fileRef = ECD73A2B2C07A0A000E11100 /* videos.json */; };
		ECD73A302C07A0A000E11100 /* locations.json in Resources */ = {isa = PBXBuildFile; fileRef = ECD73A2C2C07A0A000E11100 /* locations.json */; };
		ECD73A342C07A3DE00E11100 /* VideoListView.swift in Sources */ = {isa = PBXBuildFile; fileRef = ECD73A332C07A3DE00E11100 /* VideoListView.swift */; };
		ECD73A362C07A41900E11100 /* MapView.swift in Sources */ = {isa = PBXBuildFile; fileRef = ECD73A352C07A41900E11100 /* MapView.swift */; };
		ECD73A382C07A44600E11100 /* GalleryView.swift in Sources */ = {isa = PBXBuildFile; fileRef = ECD73A372C07A44600E11100 /* GalleryView.swift */; };
		ECD73A3A2C07A46D00E11100 /* MainView.swift in Sources */ = {isa = PBXBuildFile; fileRef = ECD73A392C07A46D00E11100 /* MainView.swift */; };
		ECD73A3E2C086ED700E11100 /* CoverImageView.swift in Sources */ = {isa = PBXBuildFile; fileRef = ECD73A3D2C086ED700E11100 /* CoverImageView.swift */; };
		ECD73A412C087A2B00E11100 /* CoverImageModel.swift in Sources */ = {isa = PBXBuildFile; fileRef = ECD73A402C087A2B00E11100 /* CoverImageModel.swift */; };
		ECD73A442C08814700E11100 /* CodableBundleExtension.swift in Sources */ = {isa = PBXBuildFile; fileRef = ECD73A432C08814700E11100 /* CodableBundleExtension.swift */; };
		ECD73A462C08F28700E11100 /* AnimalListItemView.swift in Sources */ = {isa = PBXBuildFile; fileRef = ECD73A452C08F28700E11100 /* AnimalListItemView.swift */; };
		ECD73A482C08F98F00E11100 /* AnimalModel.swift in Sources */ = {isa = PBXBuildFile; fileRef = ECD73A472C08F98F00E11100 /* AnimalModel.swift */; };
		ECD73A4A2C08FF1F00E11100 /* AnimalDetailView.swift in Sources */ = {isa = PBXBuildFile; fileRef = ECD73A492C08FF1F00E11100 /* AnimalDetailView.swift */; };
		ECD73A4C2C09038400E11100 /* HeadingView.swift in Sources */ = {isa = PBXBuildFile; fileRef = ECD73A4B2C09038400E11100 /* HeadingView.swift */; };
		ECD73A4E2C09058A00E11100 /* InsetGalleryView.swift in Sources */ = {isa = PBXBuildFile; fileRef = ECD73A4D2C09058A00E11100 /* InsetGalleryView.swift */; };
		ECD73A502C09098600E11100 /* InsetFactView.swift in Sources */ = {isa = PBXBuildFile; fileRef = ECD73A4F2C09098600E11100 /* InsetFactView.swift */; };
		ECD73A522C090C8700E11100 /* InsetMapView.swift in Sources */ = {isa = PBXBuildFile; fileRef = ECD73A512C090C8700E11100 /* InsetMapView.swift */; };
		ECD73A542C098B0400E11100 /* ExternalWeblinkView.swift in Sources */ = {isa = PBXBuildFile; fileRef = ECD73A532C098B0400E11100 /* ExternalWeblinkView.swift */; };
/* End PBXBuildFile section */

/* Begin PBXFileReference section */
		EC278C082C0CB9EA0018B8D2 /* VideoModel.swift */ = {isa = PBXFileReference; lastKnownFileType = sourcecode.swift; path = VideoModel.swift; sourceTree = "<group>"; };
		EC278C0A2C0CBA7F0018B8D2 /* VideoListItemView.swift */ = {isa = PBXFileReference; lastKnownFileType = sourcecode.swift; path = VideoListItemView.swift; sourceTree = "<group>"; };
		EC278C0C2C0CD2AA0018B8D2 /* VideoPlayerView.swift */ = {isa = PBXFileReference; lastKnownFileType = sourcecode.swift; path = VideoPlayerView.swift; sourceTree = "<group>"; };
		EC278C0F2C0CD4590018B8D2 /* VideoPlayerHelper.swift */ = {isa = PBXFileReference; lastKnownFileType = sourcecode.swift; path = VideoPlayerHelper.swift; sourceTree = "<group>"; };
		EC278C112C0EB2480018B8D2 /* LocatiionModel.swift */ = {isa = PBXFileReference; lastKnownFileType = sourcecode.swift; path = LocatiionModel.swift; sourceTree = "<group>"; };
		EC4534542C117A2C0079D1D4 /* MapAnnotationView.swift */ = {isa = PBXFileReference; lastKnownFileType = sourcecode.swift; path = MapAnnotationView.swift; sourceTree = "<group>"; };
		EC7426EF2C135163005B1DA0 /* AnimalGridItemView.swift */ = {isa = PBXFileReference; lastKnownFileType = sourcecode.swift; path = AnimalGridItemView.swift; sourceTree = "<group>"; };
		ECB5AEA72C121B2F00C4EBA2 /* MotionAnimationView.swift */ = {isa = PBXFileReference; lastKnownFileType = sourcecode.swift; path = MotionAnimationView.swift; sourceTree = "<group>"; };
		ECD73A022C079AF000E11100 /* AFRICA-SwiftUI.app */ = {isa = PBXFileReference; explicitFileType = wrapper.application; includeInIndex = 0; path = "AFRICA-SwiftUI.app"; sourceTree = BUILT_PRODUCTS_DIR; };
		ECD73A052C079AF000E11100 /* AFRICA_SwiftUIApp.swift */ = {isa = PBXFileReference; lastKnownFileType = sourcecode.swift; path = AFRICA_SwiftUIApp.swift; sourceTree = "<group>"; };
		ECD73A072C079AF000E11100 /* ContentView.swift */ = {isa = PBXFileReference; lastKnownFileType = sourcecode.swift; path = ContentView.swift; sourceTree = "<group>"; };
		ECD73A092C079AF200E11100 /* Assets.xcassets */ = {isa = PBXFileReference; lastKnownFileType = folder.assetcatalog; path = Assets.xcassets; sourceTree = "<group>"; };
		ECD73A0C2C079AF200E11100 /* Preview Assets.xcassets */ = {isa = PBXFileReference; lastKnownFileType = folder.assetcatalog; path = "Preview Assets.xcassets"; sourceTree = "<group>"; };
		ECD73A142C079FD100E11100 /* lioness.mp4 */ = {isa = PBXFileReference; lastKnownFileType = file; path = lioness.mp4; sourceTree = "<group>"; };
		ECD73A152C079FD100E11100 /* elephant.mp4 */ = {isa = PBXFileReference; lastKnownFileType = file; path = elephant.mp4; sourceTree = "<group>"; };
		ECD73A162C079FD200E11100 /* giraffe.mp4 */ = {isa = PBXFileReference; lastKnownFileType = file; path = giraffe.mp4; sourceTree = "<group>"; };
		ECD73A172C079FD200E11100 /* ostrich.mp4 */ = {isa = PBXFileReference; lastKnownFileType = file; path = ostrich.mp4; sourceTree = "<group>"; };
		ECD73A182C079FD200E11100 /* zebra.mp4 */ = {isa = PBXFileReference; lastKnownFileType = file; path = zebra.mp4; sourceTree = "<group>"; };
		ECD73A192C079FD200E11100 /* lion.mp4 */ = {isa = PBXFileReference; lastKnownFileType = file; path = lion.mp4; sourceTree = "<group>"; };
		ECD73A1A2C079FD300E11100 /* gorilla.mp4 */ = {isa = PBXFileReference; lastKnownFileType = file; path = gorilla.mp4; sourceTree = "<group>"; };
		ECD73A1B2C079FD300E11100 /* hippo.mp4 */ = {isa = PBXFileReference; lastKnownFileType = file; path = hippo.mp4; sourceTree = "<group>"; };
		ECD73A1C2C079FD300E11100 /* cheetah.mp4 */ = {isa = PBXFileReference; lastKnownFileType = file; path = cheetah.mp4; sourceTree = "<group>"; };
		ECD73A1D2C079FD400E11100 /* rhino.mp4 */ = {isa = PBXFileReference; lastKnownFileType = file; path = rhino.mp4; sourceTree = "<group>"; };
		ECD73A292C07A09F00E11100 /* animals.json */ = {isa = PBXFileReference; fileEncoding = 4; lastKnownFileType = text.json; path = animals.json; sourceTree = "<group>"; };
		ECD73A2A2C07A09F00E11100 /* covers.json */ = {isa = PBXFileReference; fileEncoding = 4; lastKnownFileType = text.json; path = covers.json; sourceTree = "<group>"; };
		ECD73A2B2C07A0A000E11100 /* videos.json */ = {isa = PBXFileReference; fileEncoding = 4; lastKnownFileType = text.json; path = videos.json; sourceTree = "<group>"; };
		ECD73A2C2C07A0A000E11100 /* locations.json */ = {isa = PBXFileReference; fileEncoding = 4; lastKnownFileType = text.json; path = locations.json; sourceTree = "<group>"; };
		ECD73A312C07A26500E11100 /* Info.plist */ = {isa = PBXFileReference; lastKnownFileType = text.plist; path = Info.plist; sourceTree = "<group>"; };
		ECD73A332C07A3DE00E11100 /* VideoListView.swift */ = {isa = PBXFileReference; lastKnownFileType = sourcecode.swift; path = VideoListView.swift; sourceTree = "<group>"; };
		ECD73A352C07A41900E11100 /* MapView.swift */ = {isa = PBXFileReference; lastKnownFileType = sourcecode.swift; path = MapView.swift; sourceTree = "<group>"; };
		ECD73A372C07A44600E11100 /* GalleryView.swift */ = {isa = PBXFileReference; lastKnownFileType = sourcecode.swift; path = GalleryView.swift; sourceTree = "<group>"; };
		ECD73A392C07A46D00E11100 /* MainView.swift */ = {isa = PBXFileReference; lastKnownFileType = sourcecode.swift; path = MainView.swift; sourceTree = "<group>"; };
		ECD73A3D2C086ED700E11100 /* CoverImageView.swift */ = {isa = PBXFileReference; lastKnownFileType = sourcecode.swift; path = CoverImageView.swift; sourceTree = "<group>"; };
		ECD73A402C087A2B00E11100 /* CoverImageModel.swift */ = {isa = PBXFileReference; lastKnownFileType = sourcecode.swift; path = CoverImageModel.swift; sourceTree = "<group>"; };
		ECD73A432C08814700E11100 /* CodableBundleExtension.swift */ = {isa = PBXFileReference; lastKnownFileType = sourcecode.swift; path = CodableBundleExtension.swift; sourceTree = "<group>"; };
		ECD73A452C08F28700E11100 /* AnimalListItemView.swift */ = {isa = PBXFileReference; lastKnownFileType = sourcecode.swift; path = AnimalListItemView.swift; sourceTree = "<group>"; };
		ECD73A472C08F98F00E11100 /* AnimalModel.swift */ = {isa = PBXFileReference; lastKnownFileType = sourcecode.swift; path = AnimalModel.swift; sourceTree = "<group>"; };
		ECD73A492C08FF1F00E11100 /* AnimalDetailView.swift */ = {isa = PBXFileReference; lastKnownFileType = sourcecode.swift; path = AnimalDetailView.swift; sourceTree = "<group>"; };
		ECD73A4B2C09038400E11100 /* HeadingView.swift */ = {isa = PBXFileReference; lastKnownFileType = sourcecode.swift; path = HeadingView.swift; sourceTree = "<group>"; };
		ECD73A4D2C09058A00E11100 /* InsetGalleryView.swift */ = {isa = PBXFileReference; lastKnownFileType = sourcecode.swift; path = InsetGalleryView.swift; sourceTree = "<group>"; };
		ECD73A4F2C09098600E11100 /* InsetFactView.swift */ = {isa = PBXFileReference; lastKnownFileType = sourcecode.swift; path = InsetFactView.swift; sourceTree = "<group>"; };
		ECD73A512C090C8700E11100 /* InsetMapView.swift */ = {isa = PBXFileReference; lastKnownFileType = sourcecode.swift; path = InsetMapView.swift; sourceTree = "<group>"; };
		ECD73A532C098B0400E11100 /* ExternalWeblinkView.swift */ = {isa = PBXFileReference; lastKnownFileType = sourcecode.swift; path = ExternalWeblinkView.swift; sourceTree = "<group>"; };
/* End PBXFileReference section */

/* Begin PBXFrameworksBuildPhase section */
		ECD739FF2C079AF000E11100 /* Frameworks */ = {
			isa = PBXFrameworksBuildPhase;
			buildActionMask = 2147483647;
			files = (
			);
			runOnlyForDeploymentPostprocessing = 0;
		};
/* End PBXFrameworksBuildPhase section */

/* Begin PBXGroup section */
		EC278C0E2C0CD4230018B8D2 /* Helper */ = {
			isa = PBXGroup;
			children = (
				EC278C0F2C0CD4590018B8D2 /* VideoPlayerHelper.swift */,
			);
			path = Helper;
			sourceTree = "<group>";
		};
		ECD739F92C079AF000E11100 = {
			isa = PBXGroup;
			children = (
				ECD73A042C079AF000E11100 /* AFRICA-SwiftUI */,
				ECD73A032C079AF000E11100 /* Products */,
			);
			sourceTree = "<group>";
		};
		ECD73A032C079AF000E11100 /* Products */ = {
			isa = PBXGroup;
			children = (
				ECD73A022C079AF000E11100 /* AFRICA-SwiftUI.app */,
			);
			name = Products;
			sourceTree = "<group>";
		};
		ECD73A042C079AF000E11100 /* AFRICA-SwiftUI */ = {
			isa = PBXGroup;
			children = (
				EC278C0E2C0CD4230018B8D2 /* Helper */,
				ECD73A422C087DAA00E11100 /* Extension */,
				ECD73A3F2C087A0C00E11100 /* Model */,
				ECD73A3C2C086EBE00E11100 /* View */,
				ECD73A312C07A26500E11100 /* Info.plist */,
				ECD73A282C07A08500E11100 /* Data */,
				ECD73A132C079F8F00E11100 /* Video */,
				ECD73A322C07A37500E11100 /* App */,
				ECD73A092C079AF200E11100 /* Assets.xcassets */,
				ECD73A0B2C079AF200E11100 /* Preview Content */,
			);
			path = "AFRICA-SwiftUI";
			sourceTree = "<group>";
		};
		ECD73A0B2C079AF200E11100 /* Preview Content */ = {
			isa = PBXGroup;
			children = (
				ECD73A0C2C079AF200E11100 /* Preview Assets.xcassets */,
			);
			path = "Preview Content";
			sourceTree = "<group>";
		};
		ECD73A132C079F8F00E11100 /* Video */ = {
			isa = PBXGroup;
			children = (
				ECD73A1C2C079FD300E11100 /* cheetah.mp4 */,
				ECD73A152C079FD100E11100 /* elephant.mp4 */,
				ECD73A162C079FD200E11100 /* giraffe.mp4 */,
				ECD73A1A2C079FD300E11100 /* gorilla.mp4 */,
				ECD73A1B2C079FD300E11100 /* hippo.mp4 */,
				ECD73A192C079FD200E11100 /* lion.mp4 */,
				ECD73A142C079FD100E11100 /* lioness.mp4 */,
				ECD73A172C079FD200E11100 /* ostrich.mp4 */,
				ECD73A1D2C079FD400E11100 /* rhino.mp4 */,
				ECD73A182C079FD200E11100 /* zebra.mp4 */,
			);
			path = Video;
			sourceTree = "<group>";
		};
		ECD73A282C07A08500E11100 /* Data */ = {
			isa = PBXGroup;
			children = (
				ECD73A292C07A09F00E11100 /* animals.json */,
				ECD73A2A2C07A09F00E11100 /* covers.json */,
				ECD73A2C2C07A0A000E11100 /* locations.json */,
				ECD73A2B2C07A0A000E11100 /* videos.json */,
			);
			path = Data;
			sourceTree = "<group>";
		};
		ECD73A322C07A37500E11100 /* App */ = {
			isa = PBXGroup;
			children = (
				ECD73A052C079AF000E11100 /* AFRICA_SwiftUIApp.swift */,
				ECD73A072C079AF000E11100 /* ContentView.swift */,
				ECD73A332C07A3DE00E11100 /* VideoListView.swift */,
				ECD73A352C07A41900E11100 /* MapView.swift */,
				ECD73A372C07A44600E11100 /* GalleryView.swift */,
				ECD73A392C07A46D00E11100 /* MainView.swift */,
			);
			path = App;
			sourceTree = "<group>";
		};
		ECD73A3C2C086EBE00E11100 /* View */ = {
			isa = PBXGroup;
			children = (
				ECD73A3D2C086ED700E11100 /* CoverImageView.swift */,
				ECD73A452C08F28700E11100 /* AnimalListItemView.swift */,
				ECD73A492C08FF1F00E11100 /* AnimalDetailView.swift */,
				ECD73A4B2C09038400E11100 /* HeadingView.swift */,
				ECD73A4D2C09058A00E11100 /* InsetGalleryView.swift */,
				ECD73A4F2C09098600E11100 /* InsetFactView.swift */,
				ECD73A512C090C8700E11100 /* InsetMapView.swift */,
				ECD73A532C098B0400E11100 /* ExternalWeblinkView.swift */,
				EC278C0A2C0CBA7F0018B8D2 /* VideoListItemView.swift */,
				EC278C0C2C0CD2AA0018B8D2 /* VideoPlayerView.swift */,
				EC4534542C117A2C0079D1D4 /* MapAnnotationView.swift */,
				ECB5AEA72C121B2F00C4EBA2 /* MotionAnimationView.swift */,
				EC7426EF2C135163005B1DA0 /* AnimalGridItemView.swift */,
			);
			path = View;
			sourceTree = "<group>";
		};
		ECD73A3F2C087A0C00E11100 /* Model */ = {
			isa = PBXGroup;
			children = (
				ECD73A402C087A2B00E11100 /* CoverImageModel.swift */,
				ECD73A472C08F98F00E11100 /* AnimalModel.swift */,
				EC278C082C0CB9EA0018B8D2 /* VideoModel.swift */,
				EC278C112C0EB2480018B8D2 /* LocatiionModel.swift */,
			);
			path = Model;
			sourceTree = "<group>";
		};
		ECD73A422C087DAA00E11100 /* Extension */ = {
			isa = PBXGroup;
			children = (
				ECD73A432C08814700E11100 /* CodableBundleExtension.swift */,
			);
			path = Extension;
			sourceTree = "<group>";
		};
/* End PBXGroup section */

/* Begin PBXNativeTarget section */
		ECD73A012C079AF000E11100 /* AFRICA-SwiftUI */ = {
			isa = PBXNativeTarget;
			buildConfigurationList = ECD73A102C079AF200E11100 /* Build configuration list for PBXNativeTarget "AFRICA-SwiftUI" */;
			buildPhases = (
				ECD739FE2C079AF000E11100 /* Sources */,
				ECD739FF2C079AF000E11100 /* Frameworks */,
				ECD73A002C079AF000E11100 /* Resources */,
			);
			buildRules = (
			);
			dependencies = (
			);
			name = "AFRICA-SwiftUI";
			productName = "AFRICA-SwiftUI";
			productReference = ECD73A022C079AF000E11100 /* AFRICA-SwiftUI.app */;
			productType = "com.apple.product-type.application";
		};
/* End PBXNativeTarget section */

/* Begin PBXProject section */
		ECD739FA2C079AF000E11100 /* Project object */ = {
			isa = PBXProject;
			attributes = {
				BuildIndependentTargetsInParallel = 1;
				LastSwiftUpdateCheck = 1540;
				LastUpgradeCheck = 1540;
				TargetAttributes = {
					ECD73A012C079AF000E11100 = {
						CreatedOnToolsVersion = 15.4;
					};
				};
			};
			buildConfigurationList = ECD739FD2C079AF000E11100 /* Build configuration list for PBXProject "AFRICA-SwiftUI" */;
			compatibilityVersion = "Xcode 14.0";
			developmentRegion = en;
			hasScannedForEncodings = 0;
			knownRegions = (
				en,
				Base,
			);
			mainGroup = ECD739F92C079AF000E11100;
			productRefGroup = ECD73A032C079AF000E11100 /* Products */;
			projectDirPath = "";
			projectRoot = "";
			targets = (
				ECD73A012C079AF000E11100 /* AFRICA-SwiftUI */,
			);
		};
/* End PBXProject section */

/* Begin PBXResourcesBuildPhase section */
		ECD73A002C079AF000E11100 /* Resources */ = {
			isa = PBXResourcesBuildPhase;
			buildActionMask = 2147483647;
			files = (
				ECD73A272C079FD400E11100 /* rhino.mp4 in Resources */,
				ECD73A252C079FD400E11100 /* hippo.mp4 in Resources */,
				ECD73A302C07A0A000E11100 /* locations.json in Resources */,
				ECD73A2F2C07A0A000E11100 /* videos.json in Resources */,
				ECD73A212C079FD400E11100 /* ostrich.mp4 in Resources */,
				ECD73A242C079FD400E11100 /* gorilla.mp4 in Resources */,
				ECD73A232C079FD400E11100 /* lion.mp4 in Resources */,
				ECD73A1F2C079FD400E11100 /* elephant.mp4 in Resources */,
				ECD73A0D2C079AF200E11100 /* Preview Assets.xcassets in Resources */,
				ECD73A2E2C07A0A000E11100 /* covers.json in Resources */,
				ECD73A2D2C07A0A000E11100 /* animals.json in Resources */,
				ECD73A0A2C079AF200E11100 /* Assets.xcassets in Resources */,
				ECD73A1E2C079FD400E11100 /* lioness.mp4 in Resources */,
				ECD73A222C079FD400E11100 /* zebra.mp4 in Resources */,
				ECD73A202C079FD400E11100 /* giraffe.mp4 in Resources */,
				ECD73A262C079FD400E11100 /* cheetah.mp4 in Resources */,
			);
			runOnlyForDeploymentPostprocessing = 0;
		};
/* End PBXResourcesBuildPhase section */

/* Begin PBXSourcesBuildPhase section */
		ECD739FE2C079AF000E11100 /* Sources */ = {
			isa = PBXSourcesBuildPhase;
			buildActionMask = 2147483647;
			files = (
				EC278C0B2C0CBA7F0018B8D2 /* VideoListItemView.swift in Sources */,
				ECD73A542C098B0400E11100 /* ExternalWeblinkView.swift in Sources */,
				ECD73A082C079AF000E11100 /* ContentView.swift in Sources */,
				ECD73A462C08F28700E11100 /* AnimalListItemView.swift in Sources */,
				ECD73A3A2C07A46D00E11100 /* MainView.swift in Sources */,
				ECD73A502C09098600E11100 /* InsetFactView.swift in Sources */,
				ECD73A3E2C086ED700E11100 /* CoverImageView.swift in Sources */,
				ECD73A412C087A2B00E11100 /* CoverImageModel.swift in Sources */,
				ECD73A4A2C08FF1F00E11100 /* AnimalDetailView.swift in Sources */,
				ECD73A482C08F98F00E11100 /* AnimalModel.swift in Sources */,
				EC278C102C0CD45A0018B8D2 /* VideoPlayerHelper.swift in Sources */,
				ECD73A362C07A41900E11100 /* MapView.swift in Sources */,
				ECD73A522C090C8700E11100 /* InsetMapView.swift in Sources */,
				EC4534552C117A2C0079D1D4 /* MapAnnotationView.swift in Sources */,
				ECD73A062C079AF000E11100 /* AFRICA_SwiftUIApp.swift in Sources */,
				ECD73A342C07A3DE00E11100 /* VideoListView.swift in Sources */,
				EC278C092C0CB9EA0018B8D2 /* VideoModel.swift in Sources */,
				ECD73A382C07A44600E11100 /* GalleryView.swift in Sources */,
				EC7426F02C135163005B1DA0 /* AnimalGridItemView.swift in Sources */,
				ECD73A4E2C09058A00E11100 /* InsetGalleryView.swift in Sources */,
				EC278C122C0EB2480018B8D2 /* LocatiionModel.swift in Sources */,
				ECD73A442C08814700E11100 /* CodableBundleExtension.swift in Sources */,
				ECB5AEA82C121B2F00C4EBA2 /* MotionAnimationView.swift in Sources */,
				ECD73A4C2C09038400E11100 /* HeadingView.swift in Sources */,
				EC278C0D2C0CD2AA0018B8D2 /* VideoPlayerView.swift in Sources */,
			);
			runOnlyForDeploymentPostprocessing = 0;
		};
/* End PBXSourcesBuildPhase section */

/* Begin XCBuildConfiguration section */
		ECD73A0E2C079AF200E11100 /* Debug */ = {
			isa = XCBuildConfiguration;
			buildSettings = {
				ALWAYS_SEARCH_USER_PATHS = NO;
				ASSETCATALOG_COMPILER_GENERATE_SWIFT_ASSET_SYMBOL_EXTENSIONS = YES;
				CLANG_ANALYZER_NONNULL = YES;
				CLANG_ANALYZER_NUMBER_OBJECT_CONVERSION = YES_AGGRESSIVE;
				CLANG_CXX_LANGUAGE_STANDARD = "gnu++20";
				CLANG_ENABLE_MODULES = YES;
				CLANG_ENABLE_OBJC_ARC = YES;
				CLANG_ENABLE_OBJC_WEAK = YES;
				CLANG_WARN_BLOCK_CAPTURE_AUTORELEASING = YES;
				CLANG_WARN_BOOL_CONVERSION = YES;
				CLANG_WARN_COMMA = YES;
				CLANG_WARN_CONSTANT_CONVERSION = YES;
				CLANG_WARN_DEPRECATED_OBJC_IMPLEMENTATIONS = YES;
				CLANG_WARN_DIRECT_OBJC_ISA_USAGE = YES_ERROR;
				CLANG_WARN_DOCUMENTATION_COMMENTS = YES;
				CLANG_WARN_EMPTY_BODY = YES;
				CLANG_WARN_ENUM_CONVERSION = YES;
				CLANG_WARN_INFINITE_RECURSION = YES;
				CLANG_WARN_INT_CONVERSION = YES;
				CLANG_WARN_NON_LITERAL_NULL_CONVERSION = YES;
				CLANG_WARN_OBJC_IMPLICIT_RETAIN_SELF = YES;
				CLANG_WARN_OBJC_LITERAL_CONVERSION = YES;
				CLANG_WARN_OBJC_ROOT_CLASS = YES_ERROR;
				CLANG_WARN_QUOTED_INCLUDE_IN_FRAMEWORK_HEADER = YES;
				CLANG_WARN_RANGE_LOOP_ANALYSIS = YES;
				CLANG_WARN_STRICT_PROTOTYPES = YES;
				CLANG_WARN_SUSPICIOUS_MOVE = YES;
				CLANG_WARN_UNGUARDED_AVAILABILITY = YES_AGGRESSIVE;
				CLANG_WARN_UNREACHABLE_CODE = YES;
				CLANG_WARN__DUPLICATE_METHOD_MATCH = YES;
				COPY_PHASE_STRIP = NO;
				DEBUG_INFORMATION_FORMAT = dwarf;
				ENABLE_STRICT_OBJC_MSGSEND = YES;
				ENABLE_TESTABILITY = YES;
				ENABLE_USER_SCRIPT_SANDBOXING = YES;
				GCC_C_LANGUAGE_STANDARD = gnu17;
				GCC_DYNAMIC_NO_PIC = NO;
				GCC_NO_COMMON_BLOCKS = YES;
				GCC_OPTIMIZATION_LEVEL = 0;
				GCC_PREPROCESSOR_DEFINITIONS = (
					"DEBUG=1",
					"$(inherited)",
				);
				GCC_WARN_64_TO_32_BIT_CONVERSION = YES;
				GCC_WARN_ABOUT_RETURN_TYPE = YES_ERROR;
				GCC_WARN_UNDECLARED_SELECTOR = YES;
				GCC_WARN_UNINITIALIZED_AUTOS = YES_AGGRESSIVE;
				GCC_WARN_UNUSED_FUNCTION = YES;
				GCC_WARN_UNUSED_VARIABLE = YES;
				IPHONEOS_DEPLOYMENT_TARGET = 17.5;
				LOCALIZATION_PREFERS_STRING_CATALOGS = YES;
				MTL_ENABLE_DEBUG_INFO = INCLUDE_SOURCE;
				MTL_FAST_MATH = YES;
				ONLY_ACTIVE_ARCH = YES;
				SDKROOT = iphoneos;
				SWIFT_ACTIVE_COMPILATION_CONDITIONS = "DEBUG $(inherited)";
				SWIFT_OPTIMIZATION_LEVEL = "-Onone";
			};
			name = Debug;
		};
		ECD73A0F2C079AF200E11100 /* Release */ = {
			isa = XCBuildConfiguration;
			buildSettings = {
				ALWAYS_SEARCH_USER_PATHS = NO;
				ASSETCATALOG_COMPILER_GENERATE_SWIFT_ASSET_SYMBOL_EXTENSIONS = YES;
				CLANG_ANALYZER_NONNULL = YES;
				CLANG_ANALYZER_NUMBER_OBJECT_CONVERSION = YES_AGGRESSIVE;
				CLANG_CXX_LANGUAGE_STANDARD = "gnu++20";
				CLANG_ENABLE_MODULES = YES;
				CLANG_ENABLE_OBJC_ARC = YES;
				CLANG_ENABLE_OBJC_WEAK = YES;
				CLANG_WARN_BLOCK_CAPTURE_AUTORELEASING = YES;
				CLANG_WARN_BOOL_CONVERSION = YES;
				CLANG_WARN_COMMA = YES;
				CLANG_WARN_CONSTANT_CONVERSION = YES;
				CLANG_WARN_DEPRECATED_OBJC_IMPLEMENTATIONS = YES;
				CLANG_WARN_DIRECT_OBJC_ISA_USAGE = YES_ERROR;
				CLANG_WARN_DOCUMENTATION_COMMENTS = YES;
				CLANG_WARN_EMPTY_BODY = YES;
				CLANG_WARN_ENUM_CONVERSION = YES;
				CLANG_WARN_INFINITE_RECURSION = YES;
				CLANG_WARN_INT_CONVERSION = YES;
				CLANG_WARN_NON_LITERAL_NULL_CONVERSION = YES;
				CLANG_WARN_OBJC_IMPLICIT_RETAIN_SELF = YES;
				CLANG_WARN_OBJC_LITERAL_CONVERSION = YES;
				CLANG_WARN_OBJC_ROOT_CLASS = YES_ERROR;
				CLANG_WARN_QUOTED_INCLUDE_IN_FRAMEWORK_HEADER = YES;
				CLANG_WARN_RANGE_LOOP_ANALYSIS = YES;
				CLANG_WARN_STRICT_PROTOTYPES = YES;
				CLANG_WARN_SUSPICIOUS_MOVE = YES;
				CLANG_WARN_UNGUARDED_AVAILABILITY = YES_AGGRESSIVE;
				CLANG_WARN_UNREACHABLE_CODE = YES;
				CLANG_WARN__DUPLICATE_METHOD_MATCH = YES;
				COPY_PHASE_STRIP = NO;
				DEBUG_INFORMATION_FORMAT = "dwarf-with-dsym";
				ENABLE_NS_ASSERTIONS = NO;
				ENABLE_STRICT_OBJC_MSGSEND = YES;
				ENABLE_USER_SCRIPT_SANDBOXING = YES;
				GCC_C_LANGUAGE_STANDARD = gnu17;
				GCC_NO_COMMON_BLOCKS = YES;
				GCC_WARN_64_TO_32_BIT_CONVERSION = YES;
				GCC_WARN_ABOUT_RETURN_TYPE = YES_ERROR;
				GCC_WARN_UNDECLARED_SELECTOR = YES;
				GCC_WARN_UNINITIALIZED_AUTOS = YES_AGGRESSIVE;
				GCC_WARN_UNUSED_FUNCTION = YES;
				GCC_WARN_UNUSED_VARIABLE = YES;
				IPHONEOS_DEPLOYMENT_TARGET = 17.5;
				LOCALIZATION_PREFERS_STRING_CATALOGS = YES;
				MTL_ENABLE_DEBUG_INFO = NO;
				MTL_FAST_MATH = YES;
				SDKROOT = iphoneos;
				SWIFT_COMPILATION_MODE = wholemodule;
				VALIDATE_PRODUCT = YES;
			};
			name = Release;
		};
		ECD73A112C079AF200E11100 /* Debug */ = {
			isa = XCBuildConfiguration;
			buildSettings = {
				ASSETCATALOG_COMPILER_APPICON_NAME = AppIcon;
				ASSETCATALOG_COMPILER_GLOBAL_ACCENT_COLOR_NAME = AccentColor;
				CODE_SIGN_STYLE = Automatic;
				CURRENT_PROJECT_VERSION = 1;
				DEVELOPMENT_ASSET_PATHS = "\"AFRICA-SwiftUI/Preview Content\"";
				ENABLE_PREVIEWS = YES;
				GENERATE_INFOPLIST_FILE = YES;
				INFOPLIST_FILE = "AFRICA-SwiftUI/Info.plist";
				INFOPLIST_KEY_UIApplicationSceneManifest_Generation = YES;
				INFOPLIST_KEY_UIApplicationSupportsIndirectInputEvents = YES;
				INFOPLIST_KEY_UISupportedInterfaceOrientations_iPad = "UIInterfaceOrientationPortrait UIInterfaceOrientationPortraitUpsideDown UIInterfaceOrientationLandscapeLeft UIInterfaceOrientationLandscapeRight";
				INFOPLIST_KEY_UISupportedInterfaceOrientations_iPhone = "UIInterfaceOrientationPortrait UIInterfaceOrientationLandscapeLeft UIInterfaceOrientationLandscapeRight";
				INFOPLIST_KEY_UIUserInterfaceStyle = Dark;
				LD_RUNPATH_SEARCH_PATHS = (
					"$(inherited)",
					"@executable_path/Frameworks",
				);
				MARKETING_VERSION = 1.0;
				PRODUCT_BUNDLE_IDENTIFIER = "com.monirdev.AFRICA-SwiftUI";
				PRODUCT_NAME = "$(TARGET_NAME)";
				SWIFT_EMIT_LOC_STRINGS = YES;
				SWIFT_VERSION = 5.0;
				TARGETED_DEVICE_FAMILY = "1,2";
			};
			name = Debug;
		};
		ECD73A122C079AF200E11100 /* Release */ = {
			isa = XCBuildConfiguration;
			buildSettings = {
				ASSETCATALOG_COMPILER_APPICON_NAME = AppIcon;
				ASSETCATALOG_COMPILER_GLOBAL_ACCENT_COLOR_NAME = AccentColor;
				CODE_SIGN_STYLE = Automatic;
				CURRENT_PROJECT_VERSION = 1;
				DEVELOPMENT_ASSET_PATHS = "\"AFRICA-SwiftUI/Preview Content\"";
				ENABLE_PREVIEWS = YES;
				GENERATE_INFOPLIST_FILE = YES;
				INFOPLIST_FILE = "AFRICA-SwiftUI/Info.plist";
				INFOPLIST_KEY_UIApplicationSceneManifest_Generation = YES;
				INFOPLIST_KEY_UIApplicationSupportsIndirectInputEvents = YES;
				INFOPLIST_KEY_UISupportedInterfaceOrientations_iPad = "UIInterfaceOrientationPortrait UIInterfaceOrientationPortraitUpsideDown UIInterfaceOrientationLandscapeLeft UIInterfaceOrientationLandscapeRight";
				INFOPLIST_KEY_UISupportedInterfaceOrientations_iPhone = "UIInterfaceOrientationPortrait UIInterfaceOrientationLandscapeLeft UIInterfaceOrientationLandscapeRight";
				INFOPLIST_KEY_UIUserInterfaceStyle = Dark;
				LD_RUNPATH_SEARCH_PATHS = (
					"$(inherited)",
					"@executable_path/Frameworks",
				);
				MARKETING_VERSION = 1.0;
				PRODUCT_BUNDLE_IDENTIFIER = "com.monirdev.AFRICA-SwiftUI";
				PRODUCT_NAME = "$(TARGET_NAME)";
				SWIFT_EMIT_LOC_STRINGS = YES;
				SWIFT_VERSION = 5.0;
				TARGETED_DEVICE_FAMILY = "1,2";
			};
			name = Release;
		};
/* End XCBuildConfiguration section */

/* Begin XCConfigurationList section */
		ECD739FD2C079AF000E11100 /* Build configuration list for PBXProject "AFRICA-SwiftUI" */ = {
			isa = XCConfigurationList;
			buildConfigurations = (
				ECD73A0E2C079AF200E11100 /* Debug */,
				ECD73A0F2C079AF200E11100 /* Release */,
			);
			defaultConfigurationIsVisible = 0;
			defaultConfigurationName = Release;
		};
		ECD73A102C079AF200E11100 /* Build configuration list for PBXNativeTarget "AFRICA-SwiftUI" */ = {
			isa = XCConfigurationList;
			buildConfigurations = (
				ECD73A112C079AF200E11100 /* Debug */,
				ECD73A122C079AF200E11100 /* Release */,
			);
			defaultConfigurationIsVisible = 0;
			defaultConfigurationName = Release;
		};
/* End XCConfigurationList section */
	};
	rootObject = ECD739FA2C079AF000E11100 /* Project object */;
}
